// !$*UTF8*$!
{
	archiveVersion = 1;
	classes = {
	};
	objectVersion = 55;
	objects = {

/* Begin PBXBuildFile section */
		889D0EF028078BB4002FC23A /* AppDelegate.swift in Sources */ = {isa = PBXBuildFile; fileRef = 889D0EEF28078BB4002FC23A /* AppDelegate.swift */; };
		889D0EF228078BB4002FC23A /* SceneDelegate.swift in Sources */ = {isa = PBXBuildFile; fileRef = 889D0EF128078BB4002FC23A /* SceneDelegate.swift */; };
		889D0EF428078BB4002FC23A /* ViewController.swift in Sources */ = {isa = PBXBuildFile; fileRef = 889D0EF328078BB4002FC23A /* ViewController.swift */; };
		889D0EF728078BB4002FC23A /* Main.storyboard in Resources */ = {isa = PBXBuildFile; fileRef = 889D0EF528078BB4002FC23A /* Main.storyboard */; };
		889D0EF928078BB6002FC23A /* Assets.xcassets in Resources */ = {isa = PBXBuildFile; fileRef = 889D0EF828078BB6002FC23A /* Assets.xcassets */; };
		889D0EFC28078BB6002FC23A /* LaunchScreen.storyboard in Resources */ = {isa = PBXBuildFile; fileRef = 889D0EFA28078BB6002FC23A /* LaunchScreen.storyboard */; };
		889D0F0728078BB6002FC23A /* UB_FinderTests.swift in Sources */ = {isa = PBXBuildFile; fileRef = 889D0F0628078BB6002FC23A /* UB_FinderTests.swift */; };
		889D0F1128078BB6002FC23A /* UB_FinderUITests.swift in Sources */ = {isa = PBXBuildFile; fileRef = 889D0F1028078BB6002FC23A /* UB_FinderUITests.swift */; };
		889D0F1328078BB6002FC23A /* UB_FinderUITestsLaunchTests.swift in Sources */ = {isa = PBXBuildFile; fileRef = 889D0F1228078BB6002FC23A /* UB_FinderUITestsLaunchTests.swift */; };
/* End PBXBuildFile section */

/* Begin PBXContainerItemProxy section */
		889D0F0328078BB6002FC23A /* PBXContainerItemProxy */ = {
			isa = PBXContainerItemProxy;
			containerPortal = 889D0EE428078BB4002FC23A /* Project object */;
			proxyType = 1;
			remoteGlobalIDString = 889D0EEB28078BB4002FC23A;
			remoteInfo = "UB Finder";
		};
		889D0F0D28078BB6002FC23A /* PBXContainerItemProxy */ = {
			isa = PBXContainerItemProxy;
			containerPortal = 889D0EE428078BB4002FC23A /* Project object */;
			proxyType = 1;
			remoteGlobalIDString = 889D0EEB28078BB4002FC23A;
			remoteInfo = "UB Finder";
		};
/* End PBXContainerItemProxy section */

/* Begin PBXFileReference section */
		889D0EEC28078BB4002FC23A /* UB Finder.app */ = {isa = PBXFileReference; explicitFileType = wrapper.application; includeInIndex = 0; path = "UB Finder.app"; sourceTree = BUILT_PRODUCTS_DIR; };
		889D0EEF28078BB4002FC23A /* AppDelegate.swift */ = {isa = PBXFileReference; lastKnownFileType = sourcecode.swift; path = AppDelegate.swift; sourceTree = "<group>"; };
		889D0EF128078BB4002FC23A /* SceneDelegate.swift */ = {isa = PBXFileReference; lastKnownFileType = sourcecode.swift; path = SceneDelegate.swift; sourceTree = "<group>"; };
		889D0EF328078BB4002FC23A /* ViewController.swift */ = {isa = PBXFileReference; lastKnownFileType = sourcecode.swift; path = ViewController.swift; sourceTree = "<group>"; };
		889D0EF628078BB4002FC23A /* Base */ = {isa = PBXFileReference; lastKnownFileType = file.storyboard; name = Base; path = Base.lproj/Main.storyboard; sourceTree = "<group>"; };
		889D0EF828078BB6002FC23A /* Assets.xcassets */ = {isa = PBXFileReference; lastKnownFileType = folder.assetcatalog; path = Assets.xcassets; sourceTree = "<group>"; };
		889D0EFB28078BB6002FC23A /* Base */ = {isa = PBXFileReference; lastKnownFileType = file.storyboard; name = Base; path = Base.lproj/LaunchScreen.storyboard; sourceTree = "<group>"; };
		889D0EFD28078BB6002FC23A /* Info.plist */ = {isa = PBXFileReference; lastKnownFileType = text.plist.xml; path = Info.plist; sourceTree = "<group>"; };
		889D0F0228078BB6002FC23A /* UB FinderTests.xctest */ = {isa = PBXFileReference; explicitFileType = wrapper.cfbundle; includeInIndex = 0; path = "UB FinderTests.xctest"; sourceTree = BUILT_PRODUCTS_DIR; };
		889D0F0628078BB6002FC23A /* UB_FinderTests.swift */ = {isa = PBXFileReference; lastKnownFileType = sourcecode.swift; path = UB_FinderTests.swift; sourceTree = "<group>"; };
		889D0F0C28078BB6002FC23A /* UB FinderUITests.xctest */ = {isa = PBXFileReference; explicitFileType = wrapper.cfbundle; includeInIndex = 0; path = "UB FinderUITests.xctest"; sourceTree = BUILT_PRODUCTS_DIR; };
		889D0F1028078BB6002FC23A /* UB_FinderUITests.swift */ = {isa = PBXFileReference; lastKnownFileType = sourcecode.swift; path = UB_FinderUITests.swift; sourceTree = "<group>"; };
		889D0F1228078BB6002FC23A /* UB_FinderUITestsLaunchTests.swift */ = {isa = PBXFileReference; lastKnownFileType = sourcecode.swift; path = UB_FinderUITestsLaunchTests.swift; sourceTree = "<group>"; };
/* End PBXFileReference section */

/* Begin PBXFrameworksBuildPhase section */
		889D0EE928078BB4002FC23A /* Frameworks */ = {
			isa = PBXFrameworksBuildPhase;
			buildActionMask = 2147483647;
			files = (
			);
			runOnlyForDeploymentPostprocessing = 0;
		};
		889D0EFF28078BB6002FC23A /* Frameworks */ = {
			isa = PBXFrameworksBuildPhase;
			buildActionMask = 2147483647;
			files = (
			);
			runOnlyForDeploymentPostprocessing = 0;
		};
		889D0F0928078BB6002FC23A /* Frameworks */ = {
			isa = PBXFrameworksBuildPhase;
			buildActionMask = 2147483647;
			files = (
			);
			runOnlyForDeploymentPostprocessing = 0;
		};
/* End PBXFrameworksBuildPhase section */

/* Begin PBXGroup section */
		889D0EE328078BB4002FC23A = {
			isa = PBXGroup;
			children = (
				889D0EEE28078BB4002FC23A /* UB Finder */,
				889D0F0528078BB6002FC23A /* UB FinderTests */,
				889D0F0F28078BB6002FC23A /* UB FinderUITests */,
				889D0EED28078BB4002FC23A /* Products */,
			);
			sourceTree = "<group>";
		};
		889D0EED28078BB4002FC23A /* Products */ = {
			isa = PBXGroup;
			children = (
				889D0EEC28078BB4002FC23A /* UB Finder.app */,
				889D0F0228078BB6002FC23A /* UB FinderTests.xctest */,
				889D0F0C28078BB6002FC23A /* UB FinderUITests.xctest */,
			);
			name = Products;
			sourceTree = "<group>";
		};
		889D0EEE28078BB4002FC23A /* UB Finder */ = {
			isa = PBXGroup;
			children = (
				889D0EEF28078BB4002FC23A /* AppDelegate.swift */,
				889D0EF128078BB4002FC23A /* SceneDelegate.swift */,
				889D0EF328078BB4002FC23A /* ViewController.swift */,
				889D0EF528078BB4002FC23A /* Main.storyboard */,
				889D0EF828078BB6002FC23A /* Assets.xcassets */,
				889D0EFA28078BB6002FC23A /* LaunchScreen.storyboard */,
				889D0EFD28078BB6002FC23A /* Info.plist */,
			);
			path = "UB Finder";
			sourceTree = "<group>";
		};
		889D0F0528078BB6002FC23A /* UB FinderTests */ = {
			isa = PBXGroup;
			children = (
				889D0F0628078BB6002FC23A /* UB_FinderTests.swift */,
			);
			path = "UB FinderTests";
			sourceTree = "<group>";
		};
		889D0F0F28078BB6002FC23A /* UB FinderUITests */ = {
			isa = PBXGroup;
			children = (
				889D0F1028078BB6002FC23A /* UB_FinderUITests.swift */,
				889D0F1228078BB6002FC23A /* UB_FinderUITestsLaunchTests.swift */,
			);
			path = "UB FinderUITests";
			sourceTree = "<group>";
		};
/* End PBXGroup section */

/* Begin PBXNativeTarget section */
		889D0EEB28078BB4002FC23A /* UB Finder */ = {
			isa = PBXNativeTarget;
			buildConfigurationList = 889D0F1628078BB6002FC23A /* Build configuration list for PBXNativeTarget "UB Finder" */;
			buildPhases = (
				889D0EE828078BB4002FC23A /* Sources */,
				889D0EE928078BB4002FC23A /* Frameworks */,
				889D0EEA28078BB4002FC23A /* Resources */,
			);
			buildRules = (
			);
			dependencies = (
			);
			name = "UB Finder";
			productName = "UB Finder";
			productReference = 889D0EEC28078BB4002FC23A /* UB Finder.app */;
			productType = "com.apple.product-type.application";
		};
		889D0F0128078BB6002FC23A /* UB FinderTests */ = {
			isa = PBXNativeTarget;
			buildConfigurationList = 889D0F1928078BB6002FC23A /* Build configuration list for PBXNativeTarget "UB FinderTests" */;
			buildPhases = (
				889D0EFE28078BB6002FC23A /* Sources */,
				889D0EFF28078BB6002FC23A /* Frameworks */,
				889D0F0028078BB6002FC23A /* Resources */,
			);
			buildRules = (
			);
			dependencies = (
				889D0F0428078BB6002FC23A /* PBXTargetDependency */,
			);
			name = "UB FinderTests";
			productName = "UB FinderTests";
			productReference = 889D0F0228078BB6002FC23A /* UB FinderTests.xctest */;
			productType = "com.apple.product-type.bundle.unit-test";
		};
		889D0F0B28078BB6002FC23A /* UB FinderUITests */ = {
			isa = PBXNativeTarget;
			buildConfigurationList = 889D0F1C28078BB6002FC23A /* Build configuration list for PBXNativeTarget "UB FinderUITests" */;
			buildPhases = (
				889D0F0828078BB6002FC23A /* Sources */,
				889D0F0928078BB6002FC23A /* Frameworks */,
				889D0F0A28078BB6002FC23A /* Resources */,
			);
			buildRules = (
			);
			dependencies = (
				889D0F0E28078BB6002FC23A /* PBXTargetDependency */,
			);
			name = "UB FinderUITests";
			productName = "UB FinderUITests";
			productReference = 889D0F0C28078BB6002FC23A /* UB FinderUITests.xctest */;
			productType = "com.apple.product-type.bundle.ui-testing";
		};
/* End PBXNativeTarget section */

/* Begin PBXProject section */
		889D0EE428078BB4002FC23A /* Project object */ = {
			isa = PBXProject;
			attributes = {
				BuildIndependentTargetsInParallel = 1;
				LastSwiftUpdateCheck = 1320;
				LastUpgradeCheck = 1320;
				TargetAttributes = {
					889D0EEB28078BB4002FC23A = {
						CreatedOnToolsVersion = 13.2.1;
					};
					889D0F0128078BB6002FC23A = {
						CreatedOnToolsVersion = 13.2.1;
						TestTargetID = 889D0EEB28078BB4002FC23A;
					};
					889D0F0B28078BB6002FC23A = {
						CreatedOnToolsVersion = 13.2.1;
						TestTargetID = 889D0EEB28078BB4002FC23A;
					};
				};
			};
			buildConfigurationList = 889D0EE728078BB4002FC23A /* Build configuration list for PBXProject "UB Finder" */;
			compatibilityVersion = "Xcode 13.0";
			developmentRegion = en;
			hasScannedForEncodings = 0;
			knownRegions = (
				en,
				Base,
			);
			mainGroup = 889D0EE328078BB4002FC23A;
			productRefGroup = 889D0EED28078BB4002FC23A /* Products */;
			projectDirPath = "";
			projectRoot = "";
			targets = (
				889D0EEB28078BB4002FC23A /* UB Finder */,
				889D0F0128078BB6002FC23A /* UB FinderTests */,
				889D0F0B28078BB6002FC23A /* UB FinderUITests */,
			);
		};
/* End PBXProject section */

/* Begin PBXResourcesBuildPhase section */
		889D0EEA28078BB4002FC23A /* Resources */ = {
			isa = PBXResourcesBuildPhase;
			buildActionMask = 2147483647;
			files = (
				889D0EFC28078BB6002FC23A /* LaunchScreen.storyboard in Resources */,
				889D0EF928078BB6002FC23A /* Assets.xcassets in Resources */,
				889D0EF728078BB4002FC23A /* Main.storyboard in Resources */,
			);
			runOnlyForDeploymentPostprocessing = 0;
		};
		889D0F0028078BB6002FC23A /* Resources */ = {
			isa = PBXResourcesBuildPhase;
			buildActionMask = 2147483647;
			files = (
			);
			runOnlyForDeploymentPostprocessing = 0;
		};
		889D0F0A28078BB6002FC23A /* Resources */ = {
			isa = PBXResourcesBuildPhase;
			buildActionMask = 2147483647;
			files = (
			);
			runOnlyForDeploymentPostprocessing = 0;
		};
/* End PBXResourcesBuildPhase section */

/* Begin PBXSourcesBuildPhase section */
		889D0EE828078BB4002FC23A /* Sources */ = {
			isa = PBXSourcesBuildPhase;
			buildActionMask = 2147483647;
			files = (
				889D0EF428078BB4002FC23A /* ViewController.swift in Sources */,
				889D0EF028078BB4002FC23A /* AppDelegate.swift in Sources */,
				889D0EF228078BB4002FC23A /* SceneDelegate.swift in Sources */,
			);
			runOnlyForDeploymentPostprocessing = 0;
		};
		889D0EFE28078BB6002FC23A /* Sources */ = {
			isa = PBXSourcesBuildPhase;
			buildActionMask = 2147483647;
			files = (
				889D0F0728078BB6002FC23A /* UB_FinderTests.swift in Sources */,
			);
			runOnlyForDeploymentPostprocessing = 0;
		};
		889D0F0828078BB6002FC23A /* Sources */ = {
			isa = PBXSourcesBuildPhase;
			buildActionMask = 2147483647;
			files = (
				889D0F1128078BB6002FC23A /* UB_FinderUITests.swift in Sources */,
				889D0F1328078BB6002FC23A /* UB_FinderUITestsLaunchTests.swift in Sources */,
			);
			runOnlyForDeploymentPostprocessing = 0;
		};
/* End PBXSourcesBuildPhase section */

/* Begin PBXTargetDependency section */
		889D0F0428078BB6002FC23A /* PBXTargetDependency */ = {
			isa = PBXTargetDependency;
			target = 889D0EEB28078BB4002FC23A /* UB Finder */;
			targetProxy = 889D0F0328078BB6002FC23A /* PBXContainerItemProxy */;
		};
		889D0F0E28078BB6002FC23A /* PBXTargetDependency */ = {
			isa = PBXTargetDependency;
			target = 889D0EEB28078BB4002FC23A /* UB Finder */;
			targetProxy = 889D0F0D28078BB6002FC23A /* PBXContainerItemProxy */;
		};
/* End PBXTargetDependency section */

/* Begin PBXVariantGroup section */
		889D0EF528078BB4002FC23A /* Main.storyboard */ = {
			isa = PBXVariantGroup;
			children = (
				889D0EF628078BB4002FC23A /* Base */,
			);
			name = Main.storyboard;
			sourceTree = "<group>";
		};
		889D0EFA28078BB6002FC23A /* LaunchScreen.storyboard */ = {
			isa = PBXVariantGroup;
			children = (
				889D0EFB28078BB6002FC23A /* Base */,
			);
			name = LaunchScreen.storyboard;
			sourceTree = "<group>";
		};
/* End PBXVariantGroup section */

/* Begin XCBuildConfiguration section */
		889D0F1428078BB6002FC23A /* Debug */ = {
			isa = XCBuildConfiguration;
			buildSettings = {
				ALWAYS_SEARCH_USER_PATHS = NO;
				CLANG_ANALYZER_NONNULL = YES;
				CLANG_ANALYZER_NUMBER_OBJECT_CONVERSION = YES_AGGRESSIVE;
				CLANG_CXX_LANGUAGE_STANDARD = "gnu++17";
				CLANG_CXX_LIBRARY = "libc++";
				CLANG_ENABLE_MODULES = YES;
				CLANG_ENABLE_OBJC_ARC = YES;
				CLANG_ENABLE_OBJC_WEAK = YES;
				CLANG_WARN_BLOCK_CAPTURE_AUTORELEASING = YES;
				CLANG_WARN_BOOL_CONVERSION = YES;
				CLANG_WARN_COMMA = YES;
				CLANG_WARN_CONSTANT_CONVERSION = YES;
				CLANG_WARN_DEPRECATED_OBJC_IMPLEMENTATIONS = YES;
				CLANG_WARN_DIRECT_OBJC_ISA_USAGE = YES_ERROR;
				CLANG_WARN_DOCUMENTATION_COMMENTS = YES;
				CLANG_WARN_EMPTY_BODY = YES;
				CLANG_WARN_ENUM_CONVERSION = YES;
				CLANG_WARN_INFINITE_RECURSION = YES;
				CLANG_WARN_INT_CONVERSION = YES;
				CLANG_WARN_NON_LITERAL_NULL_CONVERSION = YES;
				CLANG_WARN_OBJC_IMPLICIT_RETAIN_SELF = YES;
				CLANG_WARN_OBJC_LITERAL_CONVERSION = YES;
				CLANG_WARN_OBJC_ROOT_CLASS = YES_ERROR;
				CLANG_WARN_QUOTED_INCLUDE_IN_FRAMEWORK_HEADER = YES;
				CLANG_WARN_RANGE_LOOP_ANALYSIS = YES;
				CLANG_WARN_STRICT_PROTOTYPES = YES;
				CLANG_WARN_SUSPICIOUS_MOVE = YES;
				CLANG_WARN_UNGUARDED_AVAILABILITY = YES_AGGRESSIVE;
				CLANG_WARN_UNREACHABLE_CODE = YES;
				CLANG_WARN__DUPLICATE_METHOD_MATCH = YES;
				COPY_PHASE_STRIP = NO;
				DEBUG_INFORMATION_FORMAT = dwarf;
				ENABLE_STRICT_OBJC_MSGSEND = YES;
				ENABLE_TESTABILITY = YES;
				GCC_C_LANGUAGE_STANDARD = gnu11;
				GCC_DYNAMIC_NO_PIC = NO;
				GCC_NO_COMMON_BLOCKS = YES;
				GCC_OPTIMIZATION_LEVEL = 0;
				GCC_PREPROCESSOR_DEFINITIONS = (
					"DEBUG=1",
					"$(inherited)",
				);
				GCC_WARN_64_TO_32_BIT_CONVERSION = YES;
				GCC_WARN_ABOUT_RETURN_TYPE = YES_ERROR;
				GCC_WARN_UNDECLARED_SELECTOR = YES;
				GCC_WARN_UNINITIALIZED_AUTOS = YES_AGGRESSIVE;
				GCC_WARN_UNUSED_FUNCTION = YES;
				GCC_WARN_UNUSED_VARIABLE = YES;
				IPHONEOS_DEPLOYMENT_TARGET = 15.2;
				MTL_ENABLE_DEBUG_INFO = INCLUDE_SOURCE;
				MTL_FAST_MATH = YES;
				ONLY_ACTIVE_ARCH = YES;
				SDKROOT = iphoneos;
				SWIFT_ACTIVE_COMPILATION_CONDITIONS = DEBUG;
				SWIFT_OPTIMIZATION_LEVEL = "-Onone";
			};
			name = Debug;
		};
		889D0F1528078BB6002FC23A /* Release */ = {
			isa = XCBuildConfiguration;
			buildSettings = {
				ALWAYS_SEARCH_USER_PATHS = NO;
				CLANG_ANALYZER_NONNULL = YES;
				CLANG_ANALYZER_NUMBER_OBJECT_CONVERSION = YES_AGGRESSIVE;
				CLANG_CXX_LANGUAGE_STANDARD = "gnu++17";
				CLANG_CXX_LIBRARY = "libc++";
				CLANG_ENABLE_MODULES = YES;
				CLANG_ENABLE_OBJC_ARC = YES;
				CLANG_ENABLE_OBJC_WEAK = YES;
				CLANG_WARN_BLOCK_CAPTURE_AUTORELEASING = YES;
				CLANG_WARN_BOOL_CONVERSION = YES;
				CLANG_WARN_COMMA = YES;
				CLANG_WARN_CONSTANT_CONVERSION = YES;
				CLANG_WARN_DEPRECATED_OBJC_IMPLEMENTATIONS = YES;
				CLANG_WARN_DIRECT_OBJC_ISA_USAGE = YES_ERROR;
				CLANG_WARN_DOCUMENTATION_COMMENTS = YES;
				CLANG_WARN_EMPTY_BODY = YES;
				CLANG_WARN_ENUM_CONVERSION = YES;
				CLANG_WARN_INFINITE_RECURSION = YES;
				CLANG_WARN_INT_CONVERSION = YES;
				CLANG_WARN_NON_LITERAL_NULL_CONVERSION = YES;
				CLANG_WARN_OBJC_IMPLICIT_RETAIN_SELF = YES;
				CLANG_WARN_OBJC_LITERAL_CONVERSION = YES;
				CLANG_WARN_OBJC_ROOT_CLASS = YES_ERROR;
				CLANG_WARN_QUOTED_INCLUDE_IN_FRAMEWORK_HEADER = YES;
				CLANG_WARN_RANGE_LOOP_ANALYSIS = YES;
				CLANG_WARN_STRICT_PROTOTYPES = YES;
				CLANG_WARN_SUSPICIOUS_MOVE = YES;
				CLANG_WARN_UNGUARDED_AVAILABILITY = YES_AGGRESSIVE;
				CLANG_WARN_UNREACHABLE_CODE = YES;
				CLANG_WARN__DUPLICATE_METHOD_MATCH = YES;
				COPY_PHASE_STRIP = NO;
				DEBUG_INFORMATION_FORMAT = "dwarf-with-dsym";
				ENABLE_NS_ASSERTIONS = NO;
				ENABLE_STRICT_OBJC_MSGSEND = YES;
				GCC_C_LANGUAGE_STANDARD = gnu11;
				GCC_NO_COMMON_BLOCKS = YES;
				GCC_WARN_64_TO_32_BIT_CONVERSION = YES;
				GCC_WARN_ABOUT_RETURN_TYPE = YES_ERROR;
				GCC_WARN_UNDECLARED_SELECTOR = YES;
				GCC_WARN_UNINITIALIZED_AUTOS = YES_AGGRESSIVE;
				GCC_WARN_UNUSED_FUNCTION = YES;
				GCC_WARN_UNUSED_VARIABLE = YES;
				IPHONEOS_DEPLOYMENT_TARGET = 15.2;
				MTL_ENABLE_DEBUG_INFO = NO;
				MTL_FAST_MATH = YES;
				SDKROOT = iphoneos;
				SWIFT_COMPILATION_MODE = wholemodule;
				SWIFT_OPTIMIZATION_LEVEL = "-O";
				VALIDATE_PRODUCT = YES;
			};
			name = Release;
		};
		889D0F1728078BB6002FC23A /* Debug */ = {
			isa = XCBuildConfiguration;
			buildSettings = {
				ASSETCATALOG_COMPILER_APPICON_NAME = AppIcon;
				ASSETCATALOG_COMPILER_GLOBAL_ACCENT_COLOR_NAME = AccentColor;
				CODE_SIGN_STYLE = Automatic;
				CURRENT_PROJECT_VERSION = 1;
				DEVELOPMENT_TEAM = F5V8596NDH;
				GENERATE_INFOPLIST_FILE = YES;
				INFOPLIST_FILE = "UB Finder/Info.plist";
				INFOPLIST_KEY_UIApplicationSupportsIndirectInputEvents = YES;
				INFOPLIST_KEY_UILaunchStoryboardName = LaunchScreen;
				INFOPLIST_KEY_UIMainStoryboardFile = Main;
				INFOPLIST_KEY_UISupportedInterfaceOrientations_iPad = "UIInterfaceOrientationPortrait UIInterfaceOrientationPortraitUpsideDown UIInterfaceOrientationLandscapeLeft UIInterfaceOrientationLandscapeRight";
				INFOPLIST_KEY_UISupportedInterfaceOrientations_iPhone = "UIInterfaceOrientationPortrait UIInterfaceOrientationLandscapeLeft UIInterfaceOrientationLandscapeRight";
				LD_RUNPATH_SEARCH_PATHS = (
					"$(inherited)",
					"@executable_path/Frameworks",
				);
				MARKETING_VERSION = 1.0;
				PRODUCT_BUNDLE_IDENTIFIER = "com.error.UB-Finder";
				PRODUCT_NAME = "$(TARGET_NAME)";
				SWIFT_EMIT_LOC_STRINGS = YES;
				SWIFT_VERSION = 5.0;
				TARGETED_DEVICE_FAMILY = "1,2";
			};
			name = Debug;
		};
		889D0F1828078BB6002FC23A /* Release */ = {
			isa = XCBuildConfiguration;
			buildSettings = {
				ASSETCATALOG_COMPILER_APPICON_NAME = AppIcon;
				ASSETCATALOG_COMPILER_GLOBAL_ACCENT_COLOR_NAME = AccentColor;
				CODE_SIGN_STYLE = Automatic;
				CURRENT_PROJECT_VERSION = 1;
				DEVELOPMENT_TEAM = F5V8596NDH;
				GENERATE_INFOPLIST_FILE = YES;
				INFOPLIST_FILE = "UB Finder/Info.plist";
				INFOPLIST_KEY_UIApplicationSupportsIndirectInputEvents = YES;
				INFOPLIST_KEY_UILaunchStoryboardName = LaunchScreen;
				INFOPLIST_KEY_UIMainStoryboardFile = Main;
				INFOPLIST_KEY_UISupportedInterfaceOrientations_iPad = "UIInterfaceOrientationPortrait UIInterfaceOrientationPortraitUpsideDown UIInterfaceOrientationLandscapeLeft UIInterfaceOrientationLandscapeRight";
				INFOPLIST_KEY_UISupportedInterfaceOrientations_iPhone = "UIInterfaceOrientationPortrait UIInterfaceOrientationLandscapeLeft UIInterfaceOrientationLandscapeRight";
				LD_RUNPATH_SEARCH_PATHS = (
					"$(inherited)",
					"@executable_path/Frameworks",
				);
				MARKETING_VERSION = 1.0;
				PRODUCT_BUNDLE_IDENTIFIER = "com.error.UB-Finder";
				PRODUCT_NAME = "$(TARGET_NAME)";
				SWIFT_EMIT_LOC_STRINGS = YES;
				SWIFT_VERSION = 5.0;
				TARGETED_DEVICE_FAMILY = "1,2";
			};
			name = Release;
		};
		889D0F1A28078BB6002FC23A /* Debug */ = {
			isa = XCBuildConfiguration;
			buildSettings = {
				ALWAYS_EMBED_SWIFT_STANDARD_LIBRARIES = YES;
				BUNDLE_LOADER = "$(TEST_HOST)";
				CODE_SIGN_STYLE = Automatic;
				CURRENT_PROJECT_VERSION = 1;
				DEVELOPMENT_TEAM = F5V8596NDH;
				GENERATE_INFOPLIST_FILE = YES;
				IPHONEOS_DEPLOYMENT_TARGET = 15.2;
				MARKETING_VERSION = 1.0;
				PRODUCT_BUNDLE_IDENTIFIER = "com.error.UB-FinderTests";
				PRODUCT_NAME = "$(TARGET_NAME)";
				SWIFT_EMIT_LOC_STRINGS = NO;
				SWIFT_VERSION = 5.0;
				TARGETED_DEVICE_FAMILY = "1,2";
				TEST_HOST = "$(BUILT_PRODUCTS_DIR)/UB Finder.app/UB Finder";
			};
			name = Debug;
		};
		889D0F1B28078BB6002FC23A /* Release */ = {
			isa = XCBuildConfiguration;
			buildSettings = {
				ALWAYS_EMBED_SWIFT_STANDARD_LIBRARIES = YES;
				BUNDLE_LOADER = "$(TEST_HOST)";
				CODE_SIGN_STYLE = Automatic;
				CURRENT_PROJECT_VERSION = 1;
				DEVELOPMENT_TEAM = F5V8596NDH;
				GENERATE_INFOPLIST_FILE = YES;
				IPHONEOS_DEPLOYMENT_TARGET = 15.2;
				MARKETING_VERSION = 1.0;
				PRODUCT_BUNDLE_IDENTIFIER = "com.error.UB-FinderTests";
				PRODUCT_NAME = "$(TARGET_NAME)";
				SWIFT_EMIT_LOC_STRINGS = NO;
				SWIFT_VERSION = 5.0;
				TARGETED_DEVICE_FAMILY = "1,2";
				TEST_HOST = "$(BUILT_PRODUCTS_DIR)/UB Finder.app/UB Finder";
			};
			name = Release;
		};
		889D0F1D28078BB6002FC23A /* Debug */ = {
			isa = XCBuildConfiguration;
			buildSettings = {
				ALWAYS_EMBED_SWIFT_STANDARD_LIBRARIES = YES;
				CODE_SIGN_STYLE = Automatic;
				CURRENT_PROJECT_VERSION = 1;
				DEVELOPMENT_TEAM = F5V8596NDH;
				GENERATE_INFOPLIST_FILE = YES;
				MARKETING_VERSION = 1.0;
				PRODUCT_BUNDLE_IDENTIFIER = "com.error.UB-FinderUITests";
				PRODUCT_NAME = "$(TARGET_NAME)";
				SWIFT_EMIT_LOC_STRINGS = NO;
				SWIFT_VERSION = 5.0;
				TARGETED_DEVICE_FAMILY = "1,2";
				TEST_TARGET_NAME = "UB Finder";
			};
			name = Debug;
		};
		889D0F1E28078BB6002FC23A /* Release */ = {
			isa = XCBuildConfiguration;
			buildSettings = {
				ALWAYS_EMBED_SWIFT_STANDARD_LIBRARIES = YES;
				CODE_SIGN_STYLE = Automatic;
				CURRENT_PROJECT_VERSION = 1;
				DEVELOPMENT_TEAM = F5V8596NDH;
				GENERATE_INFOPLIST_FILE = YES;
				MARKETING_VERSION = 1.0;
				PRODUCT_BUNDLE_IDENTIFIER = "com.error.UB-FinderUITests";
				PRODUCT_NAME = "$(TARGET_NAME)";
				SWIFT_EMIT_LOC_STRINGS = NO;
				SWIFT_VERSION = 5.0;
				TARGETED_DEVICE_FAMILY = "1,2";
				TEST_TARGET_NAME = "UB Finder";
			};
			name = Release;
		};
/* End XCBuildConfiguration section */

/* Begin XCConfigurationList section */
		889D0EE728078BB4002FC23A /* Build configuration list for PBXProject "UB Finder" */ = {
			isa = XCConfigurationList;
			buildConfigurations = (
				889D0F1428078BB6002FC23A /* Debug */,
				889D0F1528078BB6002FC23A /* Release */,
			);
			defaultConfigurationIsVisible = 0;
			defaultConfigurationName = Release;
		};
		889D0F1628078BB6002FC23A /* Build configuration list for PBXNativeTarget "UB Finder" */ = {
			isa = XCConfigurationList;
			buildConfigurations = (
				889D0F1728078BB6002FC23A /* Debug */,
				889D0F1828078BB6002FC23A /* Release */,
			);
			defaultConfigurationIsVisible = 0;
			defaultConfigurationName = Release;
		};
		889D0F1928078BB6002FC23A /* Build configuration list for PBXNativeTarget "UB FinderTests" */ = {
			isa = XCConfigurationList;
			buildConfigurations = (
				889D0F1A28078BB6002FC23A /* Debug */,
				889D0F1B28078BB6002FC23A /* Release */,
			);
			defaultConfigurationIsVisible = 0;
			defaultConfigurationName = Release;
		};
		889D0F1C28078BB6002FC23A /* Build configuration list for PBXNativeTarget "UB FinderUITests" */ = {
			isa = XCConfigurationList;
			buildConfigurations = (
				889D0F1D28078BB6002FC23A /* Debug */,
				889D0F1E28078BB6002FC23A /* Release */,
			);
			defaultConfigurationIsVisible = 0;
			defaultConfigurationName = Release;
		};
/* End XCConfigurationList section */
	};
	rootObject = 889D0EE428078BB4002FC23A /* Project object */;
}
